
Microsoft Visual Studio Solution File, Format Version 12.00
# Visual Studio Version 17
VisualStudioVersion = 17.3.32804.467
MinimumVisualStudioVersion = 10.0.40219.1
Project("{FAE04EC0-301F-11D3-BF4B-00C04F79EFBC}") = "API", "API\API.csproj", "{FB578D85-39AB-4760-8384-82F258C6C413}"
EndProject
Global
	GlobalSection(SolutionConfigurationPlatforms) = preSolution
		Debug|Any CPU = Debug|Any CPU
		Release|Any CPU = Release|Any CPU
	EndGlobalSection
	GlobalSection(ProjectConfigurationPlatforms) = postSolution
		{FB578D85-39AB-4760-8384-82F258C6C413}.Debug|Any CPU.ActiveCfg = Debug|Any CPU
		{FB578D85-39AB-4760-8384-82F258C6C413}.Debug|Any CPU.Build.0 = Debug|Any CPU
		{FB578D85-39AB-4760-8384-82F258C6C413}.Release|Any CPU.ActiveCfg = Release|Any CPU
		{FB578D85-39AB-4760-8384-82F258C6C413}.Release|Any CPU.Build.0 = Release|Any CPU
	EndGlobalSection
	GlobalSection(SolutionProperties) = preSolution
		HideSolutionNode = FALSE
	EndGlobalSection
	GlobalSection(ExtensibilityGlobals) = postSolution
		SolutionGuid = {D4927ED4-172E-4B4B-8488-BC4BD9C349E4}
	EndGlobalSection
EndGlobal
